{
  "nodes": {
    "disko": {
      "inputs": {
        "nixpkgs": [
          "nixpkgs"
        ]
      },
      "locked": {
        "lastModified": 1781152676,
        "narHash": "sha256-RxWs5ND31KzTG7wvMM+PMfUjyNpmIEr999lqNARaM5o=",
        "owner": "nix-community",
        "repo": "disko",
        "rev": "ff8702b4de27f72b4c78573dfb89ec74e36abdf1",
        "type": "github"
      },
      "original": {
        "owner": "nix-community",
        "repo": "disko",
        "type": "github"
      }
    },
    "gitutils-nvim": {
      "inputs": {
        "nixpkgs": [
          "nix-config",
          "nixpkgs"
        ]
      },
      "locked": {
        "lastModified": 1785444343,
        "narHash": "sha256-dj7hvwVuJqNzO3X5649l3UGCVs3UDNGTL22FW0nME88=",
        "owner": "thibautvas",
        "repo": "gitutils.nvim",
        "rev": "4f45c96888089466bb0c10f381662516a4b62689",
        "type": "github"
      },
      "original": {
        "owner": "thibautvas",
        "repo": "gitutils.nvim",
        "type": "github"
      }
    },
    "nix-config": {
      "inputs": {
        "gitutils-nvim": "gitutils-nvim",
        "nix-darwin": "nix-darwin",
        "nixpkgs": "nixpkgs",
        "templates": "templates",
        "zen-build": "zen-build"
      },
      "locked": {
        "lastModified": 1787334590,
        "narHash": "sha256-n8Iugmz6M8SuvBPIo1lgaTO/8vD8s6CkKds93aSejNM=",
        "owner": "thibautvas",
        "repo": "nix-config",
        "rev": "0c2ec0b89d4c8b5aab28b3b6c90ae171c19c1b63",
        "type": "github"
      },
      "original": {
        "owner": "thibautvas",
        "repo": "nix-config",
        "type": "github"
      }
    },
    "nix-darwin": {
      "inputs": {
        "nixpkgs": [
          "nix-config",
          "nixpkgs"
        ]
      },
      "locked": {
        "lastModified": 1783744694,
        "narHash": "sha256-2cp6N3rrwnGYLTx9l6N+NI+kwrCWxvJUbj5WJhvB29A=",
        "owner": "nix-darwin",
        "repo": "nix-darwin",
        "rev": "c3e90c89649b07d1a96e4b9dd6cd0d6e44b91a74",
        "type": "github"
      },
      "original": {
        "owner": "nix-darwin",
        "ref": "nix-darwin-26.05",
        "repo": "nix-darwin",
        "type": "github"
      }
    },
    "nixpkgs": {
      "locked": {
        "lastModified": 1786943417,
        "narHash": "sha256-b4qgjdFtlz5TAZ1Hi7DFJeqX3sjaDUnrwr9OO+O1rM0=",
        "owner": "nixos",
        "repo": "nixpkgs",
        "rev": "0dd31db7e6dbf9ce05697c4545f6fe01accec994",
        "type": "github"
      },
      "original": {
        "owner": "nixos",
        "ref": "nixos-26.05",
        "repo": "nixpkgs",
        "type": "github"
      }
    },
    "root": {
      "inputs": {
        "disko": "disko",
        "nix-config": "nix-config",
        "nixpkgs": [
          "nix-config",
          "nixpkgs"
        ]
      }
    },
    "templates": {
      "inputs": {
        "nixpkgs": [
          "nix-config",
          "nixpkgs"
        ]
      },
      "locked": {
        "lastModified": 1785673931,
        "narHash": "sha256-+rsZH0gDLc2pUN4jUnNW1MYV0UkUtyKT1UJ3Hhmq8pY=",
        "owner": "thibautvas",
        "repo": "flake-templates",
        "rev": "167c9c3f3d3184a55542eeab056ef23b51b037f6",
        "type": "github"
      },
      "original": {
        "owner": "thibautvas",
        "repo": "flake-templates",
        "type": "github"
      }
    },
    "zen-build": {
      "inputs": {
        "nixpkgs": [
          "nix-config",
          "nixpkgs"
        ]
      },
      "locked": {
        "lastModified": 1786737942,
        "narHash": "sha256-AAn1zWCCt5syqcOJD6vm4XP3zLy2CqBBeFrk1cpk2kA=",
        "owner": "thibautvas",
        "repo": "zen-build",
        "rev": "677408f4a45fc945740ae4a7957c3b36cef506a9",
        "type": "github"
      },
      "original": {
        "owner": "thibautvas",
        "repo": "zen-build",
        "type": "github"
      }
    }
  },
  "root": "root",
  "version": 7
}
